
Microsoft Visual Studio Solution File, Format Version 12.00
# Visual Studio Version 16
VisualStudioVersion = 16.0.30717.126
MinimumVisualStudioVersion = 10.0.40219.1
Project("{FAE04EC0-301F-11D3-BF4B-00C04F79EFBC}") = "Prediction", "Prediction\Prediction.csproj", "{AAA51180-E95B-4C17-8997-394562BD893A}"
EndProject
Project("{FAE04EC0-301F-11D3-BF4B-00C04F79EFBC}") = "DataBase", "DataBase\DataBase.csproj", "{B65412CA-A917-4AA8-B585-106A52B8B3B8}"
EndProject
Global
	GlobalSection(SolutionConfigurationPlatforms) = preSolution
		Debug|Any CPU = Debug|Any CPU
		Release|Any CPU = Release|Any CPU
	EndGlobalSection
	GlobalSection(ProjectConfigurationPlatforms) = postSolution
		{AAA51180-E95B-4C17-8997-394562BD893A}.Debug|Any CPU.ActiveCfg = Debug|Any CPU
		{AAA51180-E95B-4C17-8997-394562BD893A}.Debug|Any CPU.Build.0 = Debug|Any CPU
		{AAA51180-E95B-4C17-8997-394562BD893A}.Release|Any CPU.ActiveCfg = Release|Any CPU
		{AAA51180-E95B-4C17-8997-394562BD893A}.Release|Any CPU.Build.0 = Release|Any CPU
		{B65412CA-A917-4AA8-B585-106A52B8B3B8}.Debug|Any CPU.ActiveCfg = Debug|Any CPU
		{B65412CA-A917-4AA8-B585-106A52B8B3B8}.Debug|Any CPU.Build.0 = Debug|Any CPU
		{B65412CA-A917-4AA8-B585-106A52B8B3B8}.Release|Any CPU.ActiveCfg = Release|Any CPU
		{B65412CA-A917-4AA8-B585-106A52B8B3B8}.Release|Any CPU.Build.0 = Release|Any CPU
	EndGlobalSection
	GlobalSection(SolutionProperties) = preSolution
		HideSolutionNode = FALSE
	EndGlobalSection
	GlobalSection(ExtensibilityGlobals) = postSolution
		SolutionGuid = {1FE715ED-3BD9-444D-B5EB-F8AA00344C27}
	EndGlobalSection
EndGlobal
